<?xml version="1.0" encoding="utf-8"?>
<Project ToolsVersion="4.0" xmlns="http://schemas.microsoft.com/developer/msbuild/2003">
  <ItemGroup>
    <Filter Include="NewFilter1">
      <UniqueIdentifier>{40cea03b-0217-4ef1-8511-ebc7f1ae95dd}</UniqueIdentifier>
    </Filter>
    <Filter Include="shaders">
      <UniqueIdentifier>{c022158b-5bb9-4fca-a685-e89595b336da}</UniqueIdentifier>
    </Filter>
    <Filter Include="ui">
      <UniqueIdentifier>{69ba3470-1ba0-4cf9-bf5f-689b9f92a2d9}</UniqueIdentifier>
    </Filter>
  </ItemGroup>
  <ItemGroup>
    <ClCompile Include="..\imgui-1.91.1\imgui.cpp">
      <Filter>NewFilter1</Filter>
    </ClCompile>
    <ClCompile Include="..\imgui-1.91.1\backends\imgui_impl_glfw.cpp">
      <Filter>NewFilter1</Filter>
    </ClCompile>
    <ClCompile Include="..\imgui-1.91.1\backends\imgui_impl_opengl3.cpp">
      <Filter>NewFilter1</Filter>
    </ClCompile>
    <ClCompile Include="..\imgui-1.91.1\imgui_demo.cpp">
      <Filter>NewFilter1</Filter>
    </ClCompile>
    <ClCompile Include="..\imgui-1.91.1\imgui_draw.cpp">
      <Filter>NewFilter1</Filter>
    </ClCompile>
    <ClCompile Include="..\imgui-1.91.1\imgui_tables.cpp">
      <Filter>NewFilter1</Filter>
    </ClCompile>
    <ClCompile Include="..\imgui-1.91.1\imgui_widgets.cpp">
      <Filter>NewFilter1</Filter>
    </ClCompile>
    <ClCompile Include="..\glad\src\glad.c">
      <Filter>NewFilter1</Filter>
    </ClCompile>
    <ClCompile Include="Shader.cpp">
      <Filter>shaders</Filter>
    </ClCompile>
    <ClCompile Include="ui.cpp">
      <Filter>ui</Filter>
    </ClCompile>
  </ItemGroup>
  <ItemGroup>
    <ClInclude Include="shader.h">
      <Filter>shaders</Filter>
    </ClInclude>
    <ClInclude Include="ui.h">
      <Filter>ui</Filter>
    </ClInclude>
  </ItemGroup>
  <ItemGroup>
    <None Include="imgui.ini">
      <Filter>ui</Filter>
    </None>
  </ItemGroup>
</Project>